{
  "requires": true,
  "lockfileVersion": 1,
  "dependencies": {
    "rollup": {
      "version": "0.52.1",
      "resolved": "https://registry.npmjs.org/rollup/-/rollup-0.52.1.tgz",
      "integrity": "sha512-cVOL8rUMivChVcScL7zq1JCl4+4gMiVOllnX9r2l6MlkUzyXRbBK7szGDGaFXyqZl6uruFtX+gFhize9o7iiKg=="
    }
  }
}
